// !$*UTF8*$!
{
	archiveVersion = 1;
	classes = {
	};
	objectVersion = 56;
	objects = {

/* Begin PBXBuildFile section */
		28490E9629C3613C003CE72D /* Font.swift in Sources */ = {isa = PBXBuildFile; fileRef = 28490E9529C3613C003CE72D /* Font.swift */; };
		28490E9829C383B9003CE72D /* APITest.swift in Sources */ = {isa = PBXBuildFile; fileRef = 28490E9729C383B9003CE72D /* APITest.swift */; };
		28490E9A29C3887B003CE72D /* StationsNetworkTest.swift in Sources */ = {isa = PBXBuildFile; fileRef = 28490E9929C3887B003CE72D /* StationsNetworkTest.swift */; };
		28490E9D29C389E7003CE72D /* Queue.swift in Sources */ = {isa = PBXBuildFile; fileRef = 28490E9C29C389E7003CE72D /* Queue.swift */; };
		28D5FCCD29C0915700031775 /* CityBikeStationsDemoApp.swift in Sources */ = {isa = PBXBuildFile; fileRef = 28D5FCCC29C0915700031775 /* CityBikeStationsDemoApp.swift */; };
		28D5FCCF29C0915700031775 /* ContentView.swift in Sources */ = {isa = PBXBuildFile; fileRef = 28D5FCCE29C0915700031775 /* ContentView.swift */; };
		28D5FCD129C0915A00031775 /* Assets.xcassets in Resources */ = {isa = PBXBuildFile; fileRef = 28D5FCD029C0915A00031775 /* Assets.xcassets */; };
		28D5FCD529C0915A00031775 /* Preview Assets.xcassets in Resources */ = {isa = PBXBuildFile; fileRef = 28D5FCD429C0915A00031775 /* Preview Assets.xcassets */; };
		28D5FCDF29C0915B00031775 /* CityBikeStationsDemoTests.swift in Sources */ = {isa = PBXBuildFile; fileRef = 28D5FCDE29C0915B00031775 /* CityBikeStationsDemoTests.swift */; };
		28D5FCE929C0915B00031775 /* CityBikeStationsDemoUITests.swift in Sources */ = {isa = PBXBuildFile; fileRef = 28D5FCE829C0915B00031775 /* CityBikeStationsDemoUITests.swift */; };
		28D5FCEB29C0915B00031775 /* CityBikeStationsDemoUITestsLaunchTests.swift in Sources */ = {isa = PBXBuildFile; fileRef = 28D5FCEA29C0915B00031775 /* CityBikeStationsDemoUITestsLaunchTests.swift */; };
		28D5FCF929C0AEF200031775 /* DetailedError.swift in Sources */ = {isa = PBXBuildFile; fileRef = 28D5FCF829C0AEF200031775 /* DetailedError.swift */; };
		28D5FCFC29C0AF2800031775 /* Strings.swift in Sources */ = {isa = PBXBuildFile; fileRef = 28D5FCFB29C0AF2800031775 /* Strings.swift */; };
		28D5FD0329C0B2DE00031775 /* API.swift in Sources */ = {isa = PBXBuildFile; fileRef = 28D5FD0229C0B2DE00031775 /* API.swift */; };
		28D5FD0629C0BA4600031775 /* StationsNetwork.swift in Sources */ = {isa = PBXBuildFile; fileRef = 28D5FD0529C0BA4600031775 /* StationsNetwork.swift */; };
		28D5FD0829C0BFAE00031775 /* DetailedError+API.swift in Sources */ = {isa = PBXBuildFile; fileRef = 28D5FD0729C0BFAE00031775 /* DetailedError+API.swift */; };
		28D5FD0B29C0E19D00031775 /* APIClient.swift in Sources */ = {isa = PBXBuildFile; fileRef = 28D5FD0A29C0E19D00031775 /* APIClient.swift */; };
		28D5FD0D29C0E1CE00031775 /* APIClient+ErrorMapping.swift in Sources */ = {isa = PBXBuildFile; fileRef = 28D5FD0C29C0E1CE00031775 /* APIClient+ErrorMapping.swift */; };
		28D5FD1029C0E21600031775 /* HTTPStatusCodes.swift in Sources */ = {isa = PBXBuildFile; fileRef = 28D5FD0F29C0E21600031775 /* HTTPStatusCodes.swift */; };
		28D5FD1229C0E6AA00031775 /* UnexpectedCodePath.swift in Sources */ = {isa = PBXBuildFile; fileRef = 28D5FD1129C0E6AA00031775 /* UnexpectedCodePath.swift */; };
		28D5FD1429C0FE9500031775 /* JsonHelper.swift in Sources */ = {isa = PBXBuildFile; fileRef = 28D5FD1329C0FE9500031775 /* JsonHelper.swift */; };
		28D5FD1629C0FEE600031775 /* MockAPIClient.swift in Sources */ = {isa = PBXBuildFile; fileRef = 28D5FD1529C0FEE600031775 /* MockAPIClient.swift */; };
		28D5FD1929C1000300031775 /* vienna_stations_network.json in Resources */ = {isa = PBXBuildFile; fileRef = 28D5FD1829C1000300031775 /* vienna_stations_network.json */; };
		28D5FD1F29C1DF5700031775 /* StationsNetworkView.swift in Sources */ = {isa = PBXBuildFile; fileRef = 28D5FD1E29C1DF5700031775 /* StationsNetworkView.swift */; };
		28D5FD2129C1DF6200031775 /* StationsNetworkViewModel.swift in Sources */ = {isa = PBXBuildFile; fileRef = 28D5FD2029C1DF6200031775 /* StationsNetworkViewModel.swift */; };
		28D5FD2329C1DF7900031775 /* BaseViewModel.swift in Sources */ = {isa = PBXBuildFile; fileRef = 28D5FD2229C1DF7900031775 /* BaseViewModel.swift */; };
		28D5FD2529C1DF8800031775 /* AlertViewModel.swift in Sources */ = {isa = PBXBuildFile; fileRef = 28D5FD2429C1DF8800031775 /* AlertViewModel.swift */; };
		28D5FD2829C1DFC000031775 /* ViewModelFactory.swift in Sources */ = {isa = PBXBuildFile; fileRef = 28D5FD2729C1DFC000031775 /* ViewModelFactory.swift */; };
		28D5FD2A29C1E10300031775 /* ErrorLogger.swift in Sources */ = {isa = PBXBuildFile; fileRef = 28D5FD2929C1E10300031775 /* ErrorLogger.swift */; };
		28D5FD2D29C1FB0D00031775 /* StationsNetworkViewModel+ViewState.swift in Sources */ = {isa = PBXBuildFile; fileRef = 28D5FD2C29C1FB0D00031775 /* StationsNetworkViewModel+ViewState.swift */; };
		28D5FD3129C22D6700031775 /* ViewModelFactory+Mock.swift in Sources */ = {isa = PBXBuildFile; fileRef = 28D5FD3029C22D6700031775 /* ViewModelFactory+Mock.swift */; };
		28D5FD3629C2671E00031775 /* LocationService.swift in Sources */ = {isa = PBXBuildFile; fileRef = 28D5FD3529C2671E00031775 /* LocationService.swift */; };
		28D5FD3829C2683000031775 /* LocationServiceClient.swift in Sources */ = {isa = PBXBuildFile; fileRef = 28D5FD3729C2683000031775 /* LocationServiceClient.swift */; };
		28D5FD3A29C2684000031775 /* MockLocationServiceClient.swift in Sources */ = {isa = PBXBuildFile; fileRef = 28D5FD3929C2684000031775 /* MockLocationServiceClient.swift */; };
		28D5FD3C29C3268C00031775 /* Station+Location.swift in Sources */ = {isa = PBXBuildFile; fileRef = 28D5FD3B29C3268C00031775 /* Station+Location.swift */; };
/* End PBXBuildFile section */

/* Begin PBXContainerItemProxy section */
		28D5FCDB29C0915B00031775 /* PBXContainerItemProxy */ = {
			isa = PBXContainerItemProxy;
			containerPortal = 28D5FCC129C0915700031775 /* Project object */;
			proxyType = 1;
			remoteGlobalIDString = 28D5FCC829C0915700031775;
			remoteInfo = CityBikeStationsDemo;
		};
		28D5FCE529C0915B00031775 /* PBXContainerItemProxy */ = {
			isa = PBXContainerItemProxy;
			containerPortal = 28D5FCC129C0915700031775 /* Project object */;
			proxyType = 1;
			remoteGlobalIDString = 28D5FCC829C0915700031775;
			remoteInfo = CityBikeStationsDemo;
		};
/* End PBXContainerItemProxy section */

/* Begin PBXFileReference section */
		28490E9529C3613C003CE72D /* Font.swift */ = {isa = PBXFileReference; lastKnownFileType = sourcecode.swift; path = Font.swift; sourceTree = "<group>"; };
		28490E9729C383B9003CE72D /* APITest.swift */ = {isa = PBXFileReference; lastKnownFileType = sourcecode.swift; path = APITest.swift; sourceTree = "<group>"; };
		28490E9929C3887B003CE72D /* StationsNetworkTest.swift */ = {isa = PBXFileReference; lastKnownFileType = sourcecode.swift; path = StationsNetworkTest.swift; sourceTree = "<group>"; };
		28490E9C29C389E7003CE72D /* Queue.swift */ = {isa = PBXFileReference; lastKnownFileType = sourcecode.swift; path = Queue.swift; sourceTree = "<group>"; };
		28D5FCC929C0915700031775 /* CityBikeStationsDemo.app */ = {isa = PBXFileReference; explicitFileType = wrapper.application; includeInIndex = 0; path = CityBikeStationsDemo.app; sourceTree = BUILT_PRODUCTS_DIR; };
		28D5FCCC29C0915700031775 /* CityBikeStationsDemoApp.swift */ = {isa = PBXFileReference; lastKnownFileType = sourcecode.swift; path = CityBikeStationsDemoApp.swift; sourceTree = "<group>"; };
		28D5FCCE29C0915700031775 /* ContentView.swift */ = {isa = PBXFileReference; lastKnownFileType = sourcecode.swift; path = ContentView.swift; sourceTree = "<group>"; };
		28D5FCD029C0915A00031775 /* Assets.xcassets */ = {isa = PBXFileReference; lastKnownFileType = folder.assetcatalog; path = Assets.xcassets; sourceTree = "<group>"; };
		28D5FCD229C0915A00031775 /* CityBikeStationsDemo.entitlements */ = {isa = PBXFileReference; lastKnownFileType = text.plist.entitlements; path = CityBikeStationsDemo.entitlements; sourceTree = "<group>"; };
		28D5FCD429C0915A00031775 /* Preview Assets.xcassets */ = {isa = PBXFileReference; lastKnownFileType = folder.assetcatalog; path = "Preview Assets.xcassets"; sourceTree = "<group>"; };
		28D5FCDA29C0915B00031775 /* CityBikeStationsDemoTests.xctest */ = {isa = PBXFileReference; explicitFileType = wrapper.cfbundle; includeInIndex = 0; path = CityBikeStationsDemoTests.xctest; sourceTree = BUILT_PRODUCTS_DIR; };
		28D5FCDE29C0915B00031775 /* CityBikeStationsDemoTests.swift */ = {isa = PBXFileReference; lastKnownFileType = sourcecode.swift; path = CityBikeStationsDemoTests.swift; sourceTree = "<group>"; };
		28D5FCE429C0915B00031775 /* CityBikeStationsDemoUITests.xctest */ = {isa = PBXFileReference; explicitFileType = wrapper.cfbundle; includeInIndex = 0; path = CityBikeStationsDemoUITests.xctest; sourceTree = BUILT_PRODUCTS_DIR; };
		28D5FCE829C0915B00031775 /* CityBikeStationsDemoUITests.swift */ = {isa = PBXFileReference; lastKnownFileType = sourcecode.swift; path = CityBikeStationsDemoUITests.swift; sourceTree = "<group>"; };
		28D5FCEA29C0915B00031775 /* CityBikeStationsDemoUITestsLaunchTests.swift */ = {isa = PBXFileReference; lastKnownFileType = sourcecode.swift; path = CityBikeStationsDemoUITestsLaunchTests.swift; sourceTree = "<group>"; };
		28D5FCF829C0AEF200031775 /* DetailedError.swift */ = {isa = PBXFileReference; lastKnownFileType = sourcecode.swift; path = DetailedError.swift; sourceTree = "<group>"; };
		28D5FCFB29C0AF2800031775 /* Strings.swift */ = {isa = PBXFileReference; lastKnownFileType = sourcecode.swift; path = Strings.swift; sourceTree = "<group>"; };
		28D5FD0229C0B2DE00031775 /* API.swift */ = {isa = PBXFileReference; lastKnownFileType = sourcecode.swift; path = API.swift; sourceTree = "<group>"; };
		28D5FD0529C0BA4600031775 /* StationsNetwork.swift */ = {isa = PBXFileReference; lastKnownFileType = sourcecode.swift; path = StationsNetwork.swift; sourceTree = "<group>"; };
		28D5FD0729C0BFAE00031775 /* DetailedError+API.swift */ = {isa = PBXFileReference; lastKnownFileType = sourcecode.swift; path = "DetailedError+API.swift"; sourceTree = "<group>"; };
		28D5FD0A29C0E19D00031775 /* APIClient.swift */ = {isa = PBXFileReference; lastKnownFileType = sourcecode.swift; path = APIClient.swift; sourceTree = "<group>"; };
		28D5FD0C29C0E1CE00031775 /* APIClient+ErrorMapping.swift */ = {isa = PBXFileReference; lastKnownFileType = sourcecode.swift; path = "APIClient+ErrorMapping.swift"; sourceTree = "<group>"; };
		28D5FD0F29C0E21600031775 /* HTTPStatusCodes.swift */ = {isa = PBXFileReference; lastKnownFileType = sourcecode.swift; path = HTTPStatusCodes.swift; sourceTree = "<group>"; };
		28D5FD1129C0E6AA00031775 /* UnexpectedCodePath.swift */ = {isa = PBXFileReference; lastKnownFileType = sourcecode.swift; path = UnexpectedCodePath.swift; sourceTree = "<group>"; };
		28D5FD1329C0FE9500031775 /* JsonHelper.swift */ = {isa = PBXFileReference; lastKnownFileType = sourcecode.swift; path = JsonHelper.swift; sourceTree = "<group>"; };
		28D5FD1529C0FEE600031775 /* MockAPIClient.swift */ = {isa = PBXFileReference; lastKnownFileType = sourcecode.swift; path = MockAPIClient.swift; sourceTree = "<group>"; };
		28D5FD1829C1000300031775 /* vienna_stations_network.json */ = {isa = PBXFileReference; lastKnownFileType = text.json; path = vienna_stations_network.json; sourceTree = "<group>"; };
		28D5FD1E29C1DF5700031775 /* StationsNetworkView.swift */ = {isa = PBXFileReference; lastKnownFileType = sourcecode.swift; path = StationsNetworkView.swift; sourceTree = "<group>"; };
		28D5FD2029C1DF6200031775 /* StationsNetworkViewModel.swift */ = {isa = PBXFileReference; lastKnownFileType = sourcecode.swift; path = StationsNetworkViewModel.swift; sourceTree = "<group>"; };
		28D5FD2229C1DF7900031775 /* BaseViewModel.swift */ = {isa = PBXFileReference; lastKnownFileType = sourcecode.swift; path = BaseViewModel.swift; sourceTree = "<group>"; };
		28D5FD2429C1DF8800031775 /* AlertViewModel.swift */ = {isa = PBXFileReference; lastKnownFileType = sourcecode.swift; path = AlertViewModel.swift; sourceTree = "<group>"; };
		28D5FD2729C1DFC000031775 /* ViewModelFactory.swift */ = {isa = PBXFileReference; lastKnownFileType = sourcecode.swift; path = ViewModelFactory.swift; sourceTree = "<group>"; };
		28D5FD2929C1E10300031775 /* ErrorLogger.swift */ = {isa = PBXFileReference; lastKnownFileType = sourcecode.swift; path = ErrorLogger.swift; sourceTree = "<group>"; };
		28D5FD2C29C1FB0D00031775 /* StationsNetworkViewModel+ViewState.swift */ = {isa = PBXFileReference; lastKnownFileType = sourcecode.swift; path = "StationsNetworkViewModel+ViewState.swift"; sourceTree = "<group>"; };
		28D5FD3029C22D6700031775 /* ViewModelFactory+Mock.swift */ = {isa = PBXFileReference; lastKnownFileType = sourcecode.swift; path = "ViewModelFactory+Mock.swift"; sourceTree = "<group>"; };
		28D5FD3529C2671E00031775 /* LocationService.swift */ = {isa = PBXFileReference; lastKnownFileType = sourcecode.swift; path = LocationService.swift; sourceTree = "<group>"; };
		28D5FD3729C2683000031775 /* LocationServiceClient.swift */ = {isa = PBXFileReference; lastKnownFileType = sourcecode.swift; path = LocationServiceClient.swift; sourceTree = "<group>"; };
		28D5FD3929C2684000031775 /* MockLocationServiceClient.swift */ = {isa = PBXFileReference; lastKnownFileType = sourcecode.swift; path = MockLocationServiceClient.swift; sourceTree = "<group>"; };
		28D5FD3B29C3268C00031775 /* Station+Location.swift */ = {isa = PBXFileReference; lastKnownFileType = sourcecode.swift; path = "Station+Location.swift"; sourceTree = "<group>"; };
/* End PBXFileReference section */

/* Begin PBXFrameworksBuildPhase section */
		28D5FCC629C0915700031775 /* Frameworks */ = {
			isa = PBXFrameworksBuildPhase;
			buildActionMask = 2147483647;
			files = (
			);
			runOnlyForDeploymentPostprocessing = 0;
		};
		28D5FCD729C0915B00031775 /* Frameworks */ = {
			isa = PBXFrameworksBuildPhase;
			buildActionMask = 2147483647;
			files = (
			);
			runOnlyForDeploymentPostprocessing = 0;
		};
		28D5FCE129C0915B00031775 /* Frameworks */ = {
			isa = PBXFrameworksBuildPhase;
			buildActionMask = 2147483647;
			files = (
			);
			runOnlyForDeploymentPostprocessing = 0;
		};
/* End PBXFrameworksBuildPhase section */

/* Begin PBXGroup section */
		28490E9B29C3897D003CE72D /* Utility */ = {
			isa = PBXGroup;
			children = (
				28490E9C29C389E7003CE72D /* Queue.swift */,
			);
			path = Utility;
			sourceTree = "<group>";
		};
		28D5FCC029C0915700031775 = {
			isa = PBXGroup;
			children = (
				28D5FCCB29C0915700031775 /* CityBikeStationsDemo */,
				28D5FCDD29C0915B00031775 /* CityBikeStationsDemoTests */,
				28D5FCE729C0915B00031775 /* CityBikeStationsDemoUITests */,
				28D5FCCA29C0915700031775 /* Products */,
			);
			sourceTree = "<group>";
		};
		28D5FCCA29C0915700031775 /* Products */ = {
			isa = PBXGroup;
			children = (
				28D5FCC929C0915700031775 /* CityBikeStationsDemo.app */,
				28D5FCDA29C0915B00031775 /* CityBikeStationsDemoTests.xctest */,
				28D5FCE429C0915B00031775 /* CityBikeStationsDemoUITests.xctest */,
			);
			name = Products;
			sourceTree = "<group>";
		};
		28D5FCCB29C0915700031775 /* CityBikeStationsDemo */ = {
			isa = PBXGroup;
			children = (
				28D5FCCC29C0915700031775 /* CityBikeStationsDemoApp.swift */,
				28D5FCD029C0915A00031775 /* Assets.xcassets */,
				28D5FCD229C0915A00031775 /* CityBikeStationsDemo.entitlements */,
				28D5FCD329C0915A00031775 /* Preview Content */,
				28D5FD1B29C1DED400031775 /* View */,
				28D5FCFD29C0B2AF00031775 /* Data Layer */,
				28D5FD3429C25B9A00031775 /* Location Service */,
				28D5FCF729C0AED200031775 /* Error Handling */,
				28D5FCFA29C0AF1A00031775 /* Utility */,
				28D5FD0E29C0E20800031775 /* Definitions */,
				28D5FCCE29C0915700031775 /* ContentView.swift */,
			);
			path = CityBikeStationsDemo;
			sourceTree = "<group>";
		};
		28D5FCD329C0915A00031775 /* Preview Content */ = {
			isa = PBXGroup;
			children = (
				28D5FCD429C0915A00031775 /* Preview Assets.xcassets */,
			);
			path = "Preview Content";
			sourceTree = "<group>";
		};
		28D5FCDD29C0915B00031775 /* CityBikeStationsDemoTests */ = {
			isa = PBXGroup;
			children = (
				28490E9B29C3897D003CE72D /* Utility */,
				28D5FCDE29C0915B00031775 /* CityBikeStationsDemoTests.swift */,
				28490E9729C383B9003CE72D /* APITest.swift */,
				28490E9929C3887B003CE72D /* StationsNetworkTest.swift */,
			);
			path = CityBikeStationsDemoTests;
			sourceTree = "<group>";
		};
		28D5FCE729C0915B00031775 /* CityBikeStationsDemoUITests */ = {
			isa = PBXGroup;
			children = (
				28D5FCE829C0915B00031775 /* CityBikeStationsDemoUITests.swift */,
				28D5FCEA29C0915B00031775 /* CityBikeStationsDemoUITestsLaunchTests.swift */,
			);
			path = CityBikeStationsDemoUITests;
			sourceTree = "<group>";
		};
		28D5FCF729C0AED200031775 /* Error Handling */ = {
			isa = PBXGroup;
			children = (
				28D5FCF829C0AEF200031775 /* DetailedError.swift */,
				28D5FD0729C0BFAE00031775 /* DetailedError+API.swift */,
			);
			path = "Error Handling";
			sourceTree = "<group>";
		};
		28D5FCFA29C0AF1A00031775 /* Utility */ = {
			isa = PBXGroup;
			children = (
				28D5FCFB29C0AF2800031775 /* Strings.swift */,
				28490E9529C3613C003CE72D /* Font.swift */,
				28D5FD1129C0E6AA00031775 /* UnexpectedCodePath.swift */,
				28D5FD1329C0FE9500031775 /* JsonHelper.swift */,
				28D5FD2929C1E10300031775 /* ErrorLogger.swift */,
			);
			path = Utility;
			sourceTree = "<group>";
		};
		28D5FCFD29C0B2AF00031775 /* Data Layer */ = {
			isa = PBXGroup;
			children = (
				28D5FD0429C0B2EE00031775 /* Models */,
				28D5FCFE29C0B2B500031775 /* Network */,
			);
			path = "Data Layer";
			sourceTree = "<group>";
		};
		28D5FCFE29C0B2B500031775 /* Network */ = {
			isa = PBXGroup;
			children = (
				28D5FCFF29C0B2C400031775 /* API */,
				28D5FD0029C0B2C800031775 /* APIClient */,
				28D5FD0129C0B2CC00031775 /* MockAPIClient */,
				28D5FD1729C0FFD700031775 /* Mock Json */,
			);
			path = Network;
			sourceTree = "<group>";
		};
		28D5FCFF29C0B2C400031775 /* API */ = {
			isa = PBXGroup;
			children = (
				28D5FD0229C0B2DE00031775 /* API.swift */,
			);
			path = API;
			sourceTree = "<group>";
		};
		28D5FD0029C0B2C800031775 /* APIClient */ = {
			isa = PBXGroup;
			children = (
				28D5FD0A29C0E19D00031775 /* APIClient.swift */,
				28D5FD0C29C0E1CE00031775 /* APIClient+ErrorMapping.swift */,
			);
			path = APIClient;
			sourceTree = "<group>";
		};
		28D5FD0129C0B2CC00031775 /* MockAPIClient */ = {
			isa = PBXGroup;
			children = (
				28D5FD1529C0FEE600031775 /* MockAPIClient.swift */,
			);
			path = MockAPIClient;
			sourceTree = "<group>";
		};
		28D5FD0429C0B2EE00031775 /* Models */ = {
			isa = PBXGroup;
			children = (
				28D5FD0529C0BA4600031775 /* StationsNetwork.swift */,
				28D5FD3B29C3268C00031775 /* Station+Location.swift */,
			);
			path = Models;
			sourceTree = "<group>";
		};
		28D5FD0E29C0E20800031775 /* Definitions */ = {
			isa = PBXGroup;
			children = (
				28D5FD0F29C0E21600031775 /* HTTPStatusCodes.swift */,
			);
			path = Definitions;
			sourceTree = "<group>";
		};
		28D5FD1729C0FFD700031775 /* Mock Json */ = {
			isa = PBXGroup;
			children = (
				28D5FD1829C1000300031775 /* vienna_stations_network.json */,
			);
			path = "Mock Json";
			sourceTree = "<group>";
		};
		28D5FD1B29C1DED400031775 /* View */ = {
			isa = PBXGroup;
			children = (
				28D5FD2B29C1E4EB00031775 /* Factory */,
				28D5FD1C29C1DED900031775 /* General */,
				28D5FD1D29C1DEDE00031775 /* Stations Network */,
			);
			path = View;
			sourceTree = "<group>";
		};
		28D5FD1C29C1DED900031775 /* General */ = {
			isa = PBXGroup;
			children = (
				28D5FD2229C1DF7900031775 /* BaseViewModel.swift */,
				28D5FD2429C1DF8800031775 /* AlertViewModel.swift */,
			);
			path = General;
			sourceTree = "<group>";
		};
		28D5FD1D29C1DEDE00031775 /* Stations Network */ = {
			isa = PBXGroup;
			children = (
				28D5FD2029C1DF6200031775 /* StationsNetworkViewModel.swift */,
				28D5FD2C29C1FB0D00031775 /* StationsNetworkViewModel+ViewState.swift */,
				28D5FD1E29C1DF5700031775 /* StationsNetworkView.swift */,
			);
			path = "Stations Network";
			sourceTree = "<group>";
		};
		28D5FD2B29C1E4EB00031775 /* Factory */ = {
			isa = PBXGroup;
			children = (
				28D5FD2729C1DFC000031775 /* ViewModelFactory.swift */,
				28D5FD3029C22D6700031775 /* ViewModelFactory+Mock.swift */,
			);
			path = Factory;
			sourceTree = "<group>";
		};
		28D5FD3429C25B9A00031775 /* Location Service */ = {
			isa = PBXGroup;
			children = (
				28D5FD3529C2671E00031775 /* LocationService.swift */,
				28D5FD3729C2683000031775 /* LocationServiceClient.swift */,
				28D5FD3929C2684000031775 /* MockLocationServiceClient.swift */,
			);
			path = "Location Service";
			sourceTree = "<group>";
		};
/* End PBXGroup section */

/* Begin PBXNativeTarget section */
		28D5FCC829C0915700031775 /* CityBikeStationsDemo */ = {
			isa = PBXNativeTarget;
			buildConfigurationList = 28D5FCEE29C0915B00031775 /* Build configuration list for PBXNativeTarget "CityBikeStationsDemo" */;
			buildPhases = (
				28D5FCC529C0915700031775 /* Sources */,
				28D5FCC629C0915700031775 /* Frameworks */,
				28D5FCC729C0915700031775 /* Resources */,
			);
			buildRules = (
			);
			dependencies = (
			);
			name = CityBikeStationsDemo;
			productName = CityBikeStationsDemo;
			productReference = 28D5FCC929C0915700031775 /* CityBikeStationsDemo.app */;
			productType = "com.apple.product-type.application";
		};
		28D5FCD929C0915B00031775 /* CityBikeStationsDemoTests */ = {
			isa = PBXNativeTarget;
			buildConfigurationList = 28D5FCF129C0915B00031775 /* Build configuration list for PBXNativeTarget "CityBikeStationsDemoTests" */;
			buildPhases = (
				28D5FCD629C0915B00031775 /* Sources */,
				28D5FCD729C0915B00031775 /* Frameworks */,
				28D5FCD829C0915B00031775 /* Resources */,
			);
			buildRules = (
			);
			dependencies = (
				28D5FCDC29C0915B00031775 /* PBXTargetDependency */,
			);
			name = CityBikeStationsDemoTests;
			productName = CityBikeStationsDemoTests;
			productReference = 28D5FCDA29C0915B00031775 /* CityBikeStationsDemoTests.xctest */;
			productType = "com.apple.product-type.bundle.unit-test";
		};
		28D5FCE329C0915B00031775 /* CityBikeStationsDemoUITests */ = {
			isa = PBXNativeTarget;
			buildConfigurationList = 28D5FCF429C0915B00031775 /* Build configuration list for PBXNativeTarget "CityBikeStationsDemoUITests" */;
			buildPhases = (
				28D5FCE029C0915B00031775 /* Sources */,
				28D5FCE129C0915B00031775 /* Frameworks */,
				28D5FCE229C0915B00031775 /* Resources */,
			);
			buildRules = (
			);
			dependencies = (
				28D5FCE629C0915B00031775 /* PBXTargetDependency */,
			);
			name = CityBikeStationsDemoUITests;
			productName = CityBikeStationsDemoUITests;
			productReference = 28D5FCE429C0915B00031775 /* CityBikeStationsDemoUITests.xctest */;
			productType = "com.apple.product-type.bundle.ui-testing";
		};
/* End PBXNativeTarget section */

/* Begin PBXProject section */
		28D5FCC129C0915700031775 /* Project object */ = {
			isa = PBXProject;
			attributes = {
				BuildIndependentTargetsInParallel = 1;
				LastSwiftUpdateCheck = 1420;
				LastUpgradeCheck = 1420;
				TargetAttributes = {
					28D5FCC829C0915700031775 = {
						CreatedOnToolsVersion = 14.2;
					};
					28D5FCD929C0915B00031775 = {
						CreatedOnToolsVersion = 14.2;
						TestTargetID = 28D5FCC829C0915700031775;
					};
					28D5FCE329C0915B00031775 = {
						CreatedOnToolsVersion = 14.2;
						TestTargetID = 28D5FCC829C0915700031775;
					};
				};
			};
			buildConfigurationList = 28D5FCC429C0915700031775 /* Build configuration list for PBXProject "CityBikeStationsDemo" */;
			compatibilityVersion = "Xcode 14.0";
			developmentRegion = en;
			hasScannedForEncodings = 0;
			knownRegions = (
				en,
				Base,
			);
			mainGroup = 28D5FCC029C0915700031775;
			productRefGroup = 28D5FCCA29C0915700031775 /* Products */;
			projectDirPath = "";
			projectRoot = "";
			targets = (
				28D5FCC829C0915700031775 /* CityBikeStationsDemo */,
				28D5FCD929C0915B00031775 /* CityBikeStationsDemoTests */,
				28D5FCE329C0915B00031775 /* CityBikeStationsDemoUITests */,
			);
		};
/* End PBXProject section */

/* Begin PBXResourcesBuildPhase section */
		28D5FCC729C0915700031775 /* Resources */ = {
			isa = PBXResourcesBuildPhase;
			buildActionMask = 2147483647;
			files = (
				28D5FCD529C0915A00031775 /* Preview Assets.xcassets in Resources */,
				28D5FCD129C0915A00031775 /* Assets.xcassets in Resources */,
				28D5FD1929C1000300031775 /* vienna_stations_network.json in Resources */,
			);
			runOnlyForDeploymentPostprocessing = 0;
		};
		28D5FCD829C0915B00031775 /* Resources */ = {
			isa = PBXResourcesBuildPhase;
			buildActionMask = 2147483647;
			files = (
			);
			runOnlyForDeploymentPostprocessing = 0;
		};
		28D5FCE229C0915B00031775 /* Resources */ = {
			isa = PBXResourcesBuildPhase;
			buildActionMask = 2147483647;
			files = (
			);
			runOnlyForDeploymentPostprocessing = 0;
		};
/* End PBXResourcesBuildPhase section */

/* Begin PBXSourcesBuildPhase section */
		28D5FCC529C0915700031775 /* Sources */ = {
			isa = PBXSourcesBuildPhase;
			buildActionMask = 2147483647;
			files = (
				28D5FD1029C0E21600031775 /* HTTPStatusCodes.swift in Sources */,
				28D5FCCF29C0915700031775 /* ContentView.swift in Sources */,
				28D5FCCD29C0915700031775 /* CityBikeStationsDemoApp.swift in Sources */,
				28D5FCFC29C0AF2800031775 /* Strings.swift in Sources */,
				28D5FD0B29C0E19D00031775 /* APIClient.swift in Sources */,
				28D5FD2329C1DF7900031775 /* BaseViewModel.swift in Sources */,
				28D5FD3629C2671E00031775 /* LocationService.swift in Sources */,
				28D5FCF929C0AEF200031775 /* DetailedError.swift in Sources */,
				28D5FD0629C0BA4600031775 /* StationsNetwork.swift in Sources */,
				28D5FD0D29C0E1CE00031775 /* APIClient+ErrorMapping.swift in Sources */,
				28D5FD1229C0E6AA00031775 /* UnexpectedCodePath.swift in Sources */,
				28D5FD1429C0FE9500031775 /* JsonHelper.swift in Sources */,
				28D5FD3C29C3268C00031775 /* Station+Location.swift in Sources */,
				28D5FD2529C1DF8800031775 /* AlertViewModel.swift in Sources */,
				28D5FD3A29C2684000031775 /* MockLocationServiceClient.swift in Sources */,
				28D5FD3829C2683000031775 /* LocationServiceClient.swift in Sources */,
				28D5FD2A29C1E10300031775 /* ErrorLogger.swift in Sources */,
				28D5FD2D29C1FB0D00031775 /* StationsNetworkViewModel+ViewState.swift in Sources */,
				28D5FD0329C0B2DE00031775 /* API.swift in Sources */,
				28D5FD1629C0FEE600031775 /* MockAPIClient.swift in Sources */,
				28490E9629C3613C003CE72D /* Font.swift in Sources */,
				28D5FD3129C22D6700031775 /* ViewModelFactory+Mock.swift in Sources */,
				28D5FD1F29C1DF5700031775 /* StationsNetworkView.swift in Sources */,
				28D5FD2829C1DFC000031775 /* ViewModelFactory.swift in Sources */,
				28D5FD0829C0BFAE00031775 /* DetailedError+API.swift in Sources */,
				28D5FD2129C1DF6200031775 /* StationsNetworkViewModel.swift in Sources */,
			);
			runOnlyForDeploymentPostprocessing = 0;
		};
		28D5FCD629C0915B00031775 /* Sources */ = {
			isa = PBXSourcesBuildPhase;
			buildActionMask = 2147483647;
			files = (
				28490E9829C383B9003CE72D /* APITest.swift in Sources */,
				28D5FCDF29C0915B00031775 /* CityBikeStationsDemoTests.swift in Sources */,
				28490E9A29C3887B003CE72D /* StationsNetworkTest.swift in Sources */,
				28490E9D29C389E7003CE72D /* Queue.swift in Sources */,
			);
			runOnlyForDeploymentPostprocessing = 0;
		};
		28D5FCE029C0915B00031775 /* Sources */ = {
			isa = PBXSourcesBuildPhase;
			buildActionMask = 2147483647;
			files = (
				28D5FCEB29C0915B00031775 /* CityBikeStationsDemoUITestsLaunchTests.swift in Sources */,
				28D5FCE929C0915B00031775 /* CityBikeStationsDemoUITests.swift in Sources */,
			);
			runOnlyForDeploymentPostprocessing = 0;
		};
/* End PBXSourcesBuildPhase section */

/* Begin PBXTargetDependency section */
		28D5FCDC29C0915B00031775 /* PBXTargetDependency */ = {
			isa = PBXTargetDependency;
			target = 28D5FCC829C0915700031775 /* CityBikeStationsDemo */;
			targetProxy = 28D5FCDB29C0915B00031775 /* PBXContainerItemProxy */;
		};
		28D5FCE629C0915B00031775 /* PBXTargetDependency */ = {
			isa = PBXTargetDependency;
			target = 28D5FCC829C0915700031775 /* CityBikeStationsDemo */;
			targetProxy = 28D5FCE529C0915B00031775 /* PBXContainerItemProxy */;
		};
/* End PBXTargetDependency section */

/* Begin XCBuildConfiguration section */
		28D5FCEC29C0915B00031775 /* Debug */ = {
			isa = XCBuildConfiguration;
			buildSettings = {
				ALWAYS_SEARCH_USER_PATHS = NO;
				CLANG_ANALYZER_NONNULL = YES;
				CLANG_ANALYZER_NUMBER_OBJECT_CONVERSION = YES_AGGRESSIVE;
				CLANG_CXX_LANGUAGE_STANDARD = "gnu++20";
				CLANG_ENABLE_MODULES = YES;
				CLANG_ENABLE_OBJC_ARC = YES;
				CLANG_ENABLE_OBJC_WEAK = YES;
				CLANG_WARN_BLOCK_CAPTURE_AUTORELEASING = YES;
				CLANG_WARN_BOOL_CONVERSION = YES;
				CLANG_WARN_COMMA = YES;
				CLANG_WARN_CONSTANT_CONVERSION = YES;
				CLANG_WARN_DEPRECATED_OBJC_IMPLEMENTATIONS = YES;
				CLANG_WARN_DIRECT_OBJC_ISA_USAGE = YES_ERROR;
				CLANG_WARN_DOCUMENTATION_COMMENTS = YES;
				CLANG_WARN_EMPTY_BODY = YES;
				CLANG_WARN_ENUM_CONVERSION = YES;
				CLANG_WARN_INFINITE_RECURSION = YES;
				CLANG_WARN_INT_CONVERSION = YES;
				CLANG_WARN_NON_LITERAL_NULL_CONVERSION = YES;
				CLANG_WARN_OBJC_IMPLICIT_RETAIN_SELF = YES;
				CLANG_WARN_OBJC_LITERAL_CONVERSION = YES;
				CLANG_WARN_OBJC_ROOT_CLASS = YES_ERROR;
				CLANG_WARN_QUOTED_INCLUDE_IN_FRAMEWORK_HEADER = YES;
				CLANG_WARN_RANGE_LOOP_ANALYSIS = YES;
				CLANG_WARN_STRICT_PROTOTYPES = YES;
				CLANG_WARN_SUSPICIOUS_MOVE = YES;
				CLANG_WARN_UNGUARDED_AVAILABILITY = YES_AGGRESSIVE;
				CLANG_WARN_UNREACHABLE_CODE = YES;
				CLANG_WARN__DUPLICATE_METHOD_MATCH = YES;
				COPY_PHASE_STRIP = NO;
				DEBUG_INFORMATION_FORMAT = dwarf;
				ENABLE_STRICT_OBJC_MSGSEND = YES;
				ENABLE_TESTABILITY = YES;
				GCC_C_LANGUAGE_STANDARD = gnu11;
				GCC_DYNAMIC_NO_PIC = NO;
				GCC_NO_COMMON_BLOCKS = YES;
				GCC_OPTIMIZATION_LEVEL = 0;
				GCC_PREPROCESSOR_DEFINITIONS = (
					"DEBUG=1",
					"$(inherited)",
				);
				GCC_WARN_64_TO_32_BIT_CONVERSION = YES;
				GCC_WARN_ABOUT_RETURN_TYPE = YES_ERROR;
				GCC_WARN_UNDECLARED_SELECTOR = YES;
				GCC_WARN_UNINITIALIZED_AUTOS = YES_AGGRESSIVE;
				GCC_WARN_UNUSED_FUNCTION = YES;
				GCC_WARN_UNUSED_VARIABLE = YES;
				MTL_ENABLE_DEBUG_INFO = INCLUDE_SOURCE;
				MTL_FAST_MATH = YES;
				ONLY_ACTIVE_ARCH = YES;
				SWIFT_ACTIVE_COMPILATION_CONDITIONS = DEBUG;
				SWIFT_OPTIMIZATION_LEVEL = "-Onone";
			};
			name = Debug;
		};
		28D5FCED29C0915B00031775 /* Release */ = {
			isa = XCBuildConfiguration;
			buildSettings = {
				ALWAYS_SEARCH_USER_PATHS = NO;
				CLANG_ANALYZER_NONNULL = YES;
				CLANG_ANALYZER_NUMBER_OBJECT_CONVERSION = YES_AGGRESSIVE;
				CLANG_CXX_LANGUAGE_STANDARD = "gnu++20";
				CLANG_ENABLE_MODULES = YES;
				CLANG_ENABLE_OBJC_ARC = YES;
				CLANG_ENABLE_OBJC_WEAK = YES;
				CLANG_WARN_BLOCK_CAPTURE_AUTORELEASING = YES;
				CLANG_WARN_BOOL_CONVERSION = YES;
				CLANG_WARN_COMMA = YES;
				CLANG_WARN_CONSTANT_CONVERSION = YES;
				CLANG_WARN_DEPRECATED_OBJC_IMPLEMENTATIONS = YES;
				CLANG_WARN_DIRECT_OBJC_ISA_USAGE = YES_ERROR;
				CLANG_WARN_DOCUMENTATION_COMMENTS = YES;
				CLANG_WARN_EMPTY_BODY = YES;
				CLANG_WARN_ENUM_CONVERSION = YES;
				CLANG_WARN_INFINITE_RECURSION = YES;
				CLANG_WARN_INT_CONVERSION = YES;
				CLANG_WARN_NON_LITERAL_NULL_CONVERSION = YES;
				CLANG_WARN_OBJC_IMPLICIT_RETAIN_SELF = YES;
				CLANG_WARN_OBJC_LITERAL_CONVERSION = YES;
				CLANG_WARN_OBJC_ROOT_CLASS = YES_ERROR;
				CLANG_WARN_QUOTED_INCLUDE_IN_FRAMEWORK_HEADER = YES;
				CLANG_WARN_RANGE_LOOP_ANALYSIS = YES;
				CLANG_WARN_STRICT_PROTOTYPES = YES;
				CLANG_WARN_SUSPICIOUS_MOVE = YES;
				CLANG_WARN_UNGUARDED_AVAILABILITY = YES_AGGRESSIVE;
				CLANG_WARN_UNREACHABLE_CODE = YES;
				CLANG_WARN__DUPLICATE_METHOD_MATCH = YES;
				COPY_PHASE_STRIP = NO;
				DEBUG_INFORMATION_FORMAT = "dwarf-with-dsym";
				ENABLE_NS_ASSERTIONS = NO;
				ENABLE_STRICT_OBJC_MSGSEND = YES;
				GCC_C_LANGUAGE_STANDARD = gnu11;
				GCC_NO_COMMON_BLOCKS = YES;
				GCC_WARN_64_TO_32_BIT_CONVERSION = YES;
				GCC_WARN_ABOUT_RETURN_TYPE = YES_ERROR;
				GCC_WARN_UNDECLARED_SELECTOR = YES;
				GCC_WARN_UNINITIALIZED_AUTOS = YES_AGGRESSIVE;
				GCC_WARN_UNUSED_FUNCTION = YES;
				GCC_WARN_UNUSED_VARIABLE = YES;
				MTL_ENABLE_DEBUG_INFO = NO;
				MTL_FAST_MATH = YES;
				SWIFT_COMPILATION_MODE = wholemodule;
				SWIFT_OPTIMIZATION_LEVEL = "-O";
			};
			name = Release;
		};
		28D5FCEF29C0915B00031775 /* Debug */ = {
			isa = XCBuildConfiguration;
			buildSettings = {
				ASSETCATALOG_COMPILER_APPICON_NAME = AppIcon;
				ASSETCATALOG_COMPILER_GLOBAL_ACCENT_COLOR_NAME = AccentColor;
				CODE_SIGN_ENTITLEMENTS = CityBikeStationsDemo/CityBikeStationsDemo.entitlements;
				CODE_SIGN_STYLE = Automatic;
				CURRENT_PROJECT_VERSION = 1;
				DEVELOPMENT_ASSET_PATHS = "\"CityBikeStationsDemo/Preview Content\"";
				DEVELOPMENT_TEAM = QNMYS92JJY;
				ENABLE_HARDENED_RUNTIME = NO;
				ENABLE_PREVIEWS = YES;
				GENERATE_INFOPLIST_FILE = YES;
				INFOPLIST_KEY_LSApplicationCategoryType = "";
				INFOPLIST_KEY_NSLocationWhenInUseUsageDescription = " Location When In Use Usage Description dummy text";
				"INFOPLIST_KEY_UIApplicationSceneManifest_Generation[sdk=iphoneos*]" = YES;
				"INFOPLIST_KEY_UIApplicationSceneManifest_Generation[sdk=iphonesimulator*]" = YES;
				"INFOPLIST_KEY_UIApplicationSupportsIndirectInputEvents[sdk=iphoneos*]" = YES;
				"INFOPLIST_KEY_UIApplicationSupportsIndirectInputEvents[sdk=iphonesimulator*]" = YES;
				"INFOPLIST_KEY_UILaunchScreen_Generation[sdk=iphoneos*]" = YES;
				"INFOPLIST_KEY_UILaunchScreen_Generation[sdk=iphonesimulator*]" = YES;
				"INFOPLIST_KEY_UIStatusBarStyle[sdk=iphoneos*]" = UIStatusBarStyleDefault;
				"INFOPLIST_KEY_UIStatusBarStyle[sdk=iphonesimulator*]" = UIStatusBarStyleDefault;
				INFOPLIST_KEY_UISupportedInterfaceOrientations_iPad = "UIInterfaceOrientationPortrait UIInterfaceOrientationPortraitUpsideDown UIInterfaceOrientationLandscapeLeft UIInterfaceOrientationLandscapeRight";
				INFOPLIST_KEY_UISupportedInterfaceOrientations_iPhone = "UIInterfaceOrientationPortrait UIInterfaceOrientationLandscapeLeft UIInterfaceOrientationLandscapeRight";
				IPHONEOS_DEPLOYMENT_TARGET = 16.2;
				LD_RUNPATH_SEARCH_PATHS = "@executable_path/Frameworks";
				"LD_RUNPATH_SEARCH_PATHS[sdk=macosx*]" = "@executable_path/../Frameworks";
				MACOSX_DEPLOYMENT_TARGET = 13.1;
				MARKETING_VERSION = 1.0;
				PRODUCT_BUNDLE_IDENTIFIER = com.skimov.CityBikeStationsDemo;
				PRODUCT_NAME = "$(TARGET_NAME)";
				SDKROOT = auto;
				SUPPORTED_PLATFORMS = "iphoneos iphonesimulator";
				SUPPORTS_MACCATALYST = NO;
				SUPPORTS_MAC_DESIGNED_FOR_IPHONE_IPAD = NO;
				SWIFT_EMIT_LOC_STRINGS = YES;
				SWIFT_VERSION = 5.0;
				TARGETED_DEVICE_FAMILY = "1,2";
			};
			name = Debug;
		};
		28D5FCF029C0915B00031775 /* Release */ = {
			isa = XCBuildConfiguration;
			buildSettings = {
				ASSETCATALOG_COMPILER_APPICON_NAME = AppIcon;
				ASSETCATALOG_COMPILER_GLOBAL_ACCENT_COLOR_NAME = AccentColor;
				CODE_SIGN_ENTITLEMENTS = CityBikeStationsDemo/CityBikeStationsDemo.entitlements;
				CODE_SIGN_STYLE = Automatic;
				CURRENT_PROJECT_VERSION = 1;
				DEVELOPMENT_ASSET_PATHS = "\"CityBikeStationsDemo/Preview Content\"";
				DEVELOPMENT_TEAM = QNMYS92JJY;
				ENABLE_HARDENED_RUNTIME = NO;
				ENABLE_PREVIEWS = YES;
				GENERATE_INFOPLIST_FILE = YES;
				INFOPLIST_KEY_LSApplicationCategoryType = "";
				INFOPLIST_KEY_NSLocationWhenInUseUsageDescription = " Location When In Use Usage Description dummy text";
				"INFOPLIST_KEY_UIApplicationSceneManifest_Generation[sdk=iphoneos*]" = YES;
				"INFOPLIST_KEY_UIApplicationSceneManifest_Generation[sdk=iphonesimulator*]" = YES;
				"INFOPLIST_KEY_UIApplicationSupportsIndirectInputEvents[sdk=iphoneos*]" = YES;
				"INFOPLIST_KEY_UIApplicationSupportsIndirectInputEvents[sdk=iphonesimulator*]" = YES;
				"INFOPLIST_KEY_UILaunchScreen_Generation[sdk=iphoneos*]" = YES;
				"INFOPLIST_KEY_UILaunchScreen_Generation[sdk=iphonesimulator*]" = YES;
				"INFOPLIST_KEY_UIStatusBarStyle[sdk=iphoneos*]" = UIStatusBarStyleDefault;
				"INFOPLIST_KEY_UIStatusBarStyle[sdk=iphonesimulator*]" = UIStatusBarStyleDefault;
				INFOPLIST_KEY_UISupportedInterfaceOrientations_iPad = "UIInterfaceOrientationPortrait UIInterfaceOrientationPortraitUpsideDown UIInterfaceOrientationLandscapeLeft UIInterfaceOrientationLandscapeRight";
				INFOPLIST_KEY_UISupportedInterfaceOrientations_iPhone = "UIInterfaceOrientationPortrait UIInterfaceOrientationLandscapeLeft UIInterfaceOrientationLandscapeRight";
				IPHONEOS_DEPLOYMENT_TARGET = 16.2;
				LD_RUNPATH_SEARCH_PATHS = "@executable_path/Frameworks";
				"LD_RUNPATH_SEARCH_PATHS[sdk=macosx*]" = "@executable_path/../Frameworks";
				MACOSX_DEPLOYMENT_TARGET = 13.1;
				MARKETING_VERSION = 1.0;
				PRODUCT_BUNDLE_IDENTIFIER = com.skimov.CityBikeStationsDemo;
				PRODUCT_NAME = "$(TARGET_NAME)";
				SDKROOT = auto;
				SUPPORTED_PLATFORMS = "iphoneos iphonesimulator";
				SUPPORTS_MACCATALYST = NO;
				SUPPORTS_MAC_DESIGNED_FOR_IPHONE_IPAD = NO;
				SWIFT_EMIT_LOC_STRINGS = YES;
				SWIFT_VERSION = 5.0;
				TARGETED_DEVICE_FAMILY = "1,2";
			};
			name = Release;
		};
		28D5FCF229C0915B00031775 /* Debug */ = {
			isa = XCBuildConfiguration;
			buildSettings = {
				ALWAYS_EMBED_SWIFT_STANDARD_LIBRARIES = YES;
				BUNDLE_LOADER = "$(TEST_HOST)";
				CODE_SIGN_STYLE = Automatic;
				CURRENT_PROJECT_VERSION = 1;
				DEVELOPMENT_TEAM = QNMYS92JJY;
				GENERATE_INFOPLIST_FILE = YES;
				IPHONEOS_DEPLOYMENT_TARGET = 16.2;
				MACOSX_DEPLOYMENT_TARGET = 13.1;
				MARKETING_VERSION = 1.0;
				PRODUCT_BUNDLE_IDENTIFIER = com.skimov.CityBikeStationsDemoTests;
				PRODUCT_NAME = "$(TARGET_NAME)";
				SDKROOT = auto;
				SUPPORTED_PLATFORMS = "iphoneos iphonesimulator";
				SUPPORTS_MACCATALYST = NO;
				SUPPORTS_MAC_DESIGNED_FOR_IPHONE_IPAD = NO;
				SWIFT_EMIT_LOC_STRINGS = NO;
				SWIFT_VERSION = 5.0;
				TARGETED_DEVICE_FAMILY = "1,2";
				TEST_HOST = "$(BUILT_PRODUCTS_DIR)/CityBikeStationsDemo.app/$(BUNDLE_EXECUTABLE_FOLDER_PATH)/CityBikeStationsDemo";
			};
			name = Debug;
		};
		28D5FCF329C0915B00031775 /* Release */ = {
			isa = XCBuildConfiguration;
			buildSettings = {
				ALWAYS_EMBED_SWIFT_STANDARD_LIBRARIES = YES;
				BUNDLE_LOADER = "$(TEST_HOST)";
				CODE_SIGN_STYLE = Automatic;
				CURRENT_PROJECT_VERSION = 1;
				DEVELOPMENT_TEAM = QNMYS92JJY;
				GENERATE_INFOPLIST_FILE = YES;
				IPHONEOS_DEPLOYMENT_TARGET = 16.2;
				MACOSX_DEPLOYMENT_TARGET = 13.1;
				MARKETING_VERSION = 1.0;
				PRODUCT_BUNDLE_IDENTIFIER = com.skimov.CityBikeStationsDemoTests;
				PRODUCT_NAME = "$(TARGET_NAME)";
				SDKROOT = auto;
				SUPPORTED_PLATFORMS = "iphoneos iphonesimulator";
				SUPPORTS_MACCATALYST = NO;
				SUPPORTS_MAC_DESIGNED_FOR_IPHONE_IPAD = NO;
				SWIFT_EMIT_LOC_STRINGS = NO;
				SWIFT_VERSION = 5.0;
				TARGETED_DEVICE_FAMILY = "1,2";
				TEST_HOST = "$(BUILT_PRODUCTS_DIR)/CityBikeStationsDemo.app/$(BUNDLE_EXECUTABLE_FOLDER_PATH)/CityBikeStationsDemo";
			};
			name = Release;
		};
		28D5FCF529C0915B00031775 /* Debug */ = {
			isa = XCBuildConfiguration;
			buildSettings = {
				ALWAYS_EMBED_SWIFT_STANDARD_LIBRARIES = YES;
				CODE_SIGN_STYLE = Automatic;
				CURRENT_PROJECT_VERSION = 1;
				DEVELOPMENT_TEAM = QNMYS92JJY;
				GENERATE_INFOPLIST_FILE = YES;
				IPHONEOS_DEPLOYMENT_TARGET = 16.2;
				MACOSX_DEPLOYMENT_TARGET = 13.1;
				MARKETING_VERSION = 1.0;
				PRODUCT_BUNDLE_IDENTIFIER = com.skimov.CityBikeStationsDemoUITests;
				PRODUCT_NAME = "$(TARGET_NAME)";
				SDKROOT = auto;
				SUPPORTED_PLATFORMS = "iphoneos iphonesimulator macosx";
				SWIFT_EMIT_LOC_STRINGS = NO;
				SWIFT_VERSION = 5.0;
				TARGETED_DEVICE_FAMILY = "1,2";
				TEST_TARGET_NAME = CityBikeStationsDemo;
			};
			name = Debug;
		};
		28D5FCF629C0915B00031775 /* Release */ = {
			isa = XCBuildConfiguration;
			buildSettings = {
				ALWAYS_EMBED_SWIFT_STANDARD_LIBRARIES = YES;
				CODE_SIGN_STYLE = Automatic;
				CURRENT_PROJECT_VERSION = 1;
				DEVELOPMENT_TEAM = QNMYS92JJY;
				GENERATE_INFOPLIST_FILE = YES;
				IPHONEOS_DEPLOYMENT_TARGET = 16.2;
				MACOSX_DEPLOYMENT_TARGET = 13.1;
				MARKETING_VERSION = 1.0;
				PRODUCT_BUNDLE_IDENTIFIER = com.skimov.CityBikeStationsDemoUITests;
				PRODUCT_NAME = "$(TARGET_NAME)";
				SDKROOT = auto;
				SUPPORTED_PLATFORMS = "iphoneos iphonesimulator macosx";
				SWIFT_EMIT_LOC_STRINGS = NO;
				SWIFT_VERSION = 5.0;
				TARGETED_DEVICE_FAMILY = "1,2";
				TEST_TARGET_NAME = CityBikeStationsDemo;
			};
			name = Release;
		};
/* End XCBuildConfiguration section */

/* Begin XCConfigurationList section */
		28D5FCC429C0915700031775 /* Build configuration list for PBXProject "CityBikeStationsDemo" */ = {
			isa = XCConfigurationList;
			buildConfigurations = (
				28D5FCEC29C0915B00031775 /* Debug */,
				28D5FCED29C0915B00031775 /* Release */,
			);
			defaultConfigurationIsVisible = 0;
			defaultConfigurationName = Release;
		};
		28D5FCEE29C0915B00031775 /* Build configuration list for PBXNativeTarget "CityBikeStationsDemo" */ = {
			isa = XCConfigurationList;
			buildConfigurations = (
				28D5FCEF29C0915B00031775 /* Debug */,
				28D5FCF029C0915B00031775 /* Release */,
			);
			defaultConfigurationIsVisible = 0;
			defaultConfigurationName = Release;
		};
		28D5FCF129C0915B00031775 /* Build configuration list for PBXNativeTarget "CityBikeStationsDemoTests" */ = {
			isa = XCConfigurationList;
			buildConfigurations = (
				28D5FCF229C0915B00031775 /* Debug */,
				28D5FCF329C0915B00031775 /* Release */,
			);
			defaultConfigurationIsVisible = 0;
			defaultConfigurationName = Release;
		};
		28D5FCF429C0915B00031775 /* Build configuration list for PBXNativeTarget "CityBikeStationsDemoUITests" */ = {
			isa = XCConfigurationList;
			buildConfigurations = (
				28D5FCF529C0915B00031775 /* Debug */,
				28D5FCF629C0915B00031775 /* Release */,
			);
			defaultConfigurationIsVisible = 0;
			defaultConfigurationName = Release;
		};
/* End XCConfigurationList section */
	};
	rootObject = 28D5FCC129C0915700031775 /* Project object */;
}
